
Microsoft Visual Studio Solution File, Format Version 12.00
# Visual Studio Version 17
VisualStudioVersion = 17.8.34330.188
MinimumVisualStudioVersion = 10.0.40219.1
Project("{FAE04EC0-301F-11D3-BF4B-00C04F79EFBC}") = "Muhasebev2", "Muhasebev2\Muhasebev2.csproj", "{8DAB6FB3-5AE9-43DB-A3EB-089D3DF915B5}"
EndProject
Global
	GlobalSection(SolutionConfigurationPlatforms) = preSolution
		Debug|Any CPU = Debug|Any CPU
		Release|Any CPU = Release|Any CPU
	EndGlobalSection
	GlobalSection(ProjectConfigurationPlatforms) = postSolution
		{8DAB6FB3-5AE9-43DB-A3EB-089D3DF915B5}.Debug|Any CPU.ActiveCfg = Debug|Any CPU
		{8DAB6FB3-5AE9-43DB-A3EB-089D3DF915B5}.Debug|Any CPU.Build.0 = Debug|Any CPU
		{8DAB6FB3-5AE9-43DB-A3EB-089D3DF915B5}.Release|Any CPU.ActiveCfg = Release|Any CPU
		{8DAB6FB3-5AE9-43DB-A3EB-089D3DF915B5}.Release|Any CPU.Build.0 = Release|Any CPU
	EndGlobalSection
	GlobalSection(SolutionProperties) = preSolution
		HideSolutionNode = FALSE
	EndGlobalSection
	GlobalSection(ExtensibilityGlobals) = postSolution
		SolutionGuid = {D99DB968-D5B2-47ED-A53C-8275EFFB041C}
	EndGlobalSection
EndGlobal
